
Microsoft Visual Studio Solution File, Format Version 12.00
# Visual Studio Version 16
VisualStudioVersion = 16.0.30413.136
MinimumVisualStudioVersion = 10.0.40219.1
Project("{D2ABAB84-BF74-430A-B69E-9DC6D40DDA17}") = "Cube_AccidentDW", "Cube_AccidentDW\Cube_AccidentDW.dwproj", "{010ECB3C-CAF1-4CF5-9B50-1CD8E37A2A40}"
EndProject
Global
	GlobalSection(SolutionConfigurationPlatforms) = preSolution
		Development|Default = Development|Default
	EndGlobalSection
	GlobalSection(ProjectConfigurationPlatforms) = postSolution
		{010ECB3C-CAF1-4CF5-9B50-1CD8E37A2A40}.Development|Default.ActiveCfg = Development
		{010ECB3C-CAF1-4CF5-9B50-1CD8E37A2A40}.Development|Default.Build.0 = Development
		{010ECB3C-CAF1-4CF5-9B50-1CD8E37A2A40}.Development|Default.Deploy.0 = Development
	EndGlobalSection
	GlobalSection(SolutionProperties) = preSolution
		HideSolutionNode = FALSE
	EndGlobalSection
	GlobalSection(ExtensibilityGlobals) = postSolution
		SolutionGuid = {51673AF4-BD44-4FCC-9AAB-E7A461A02191}
	EndGlobalSection
EndGlobal
